
Microsoft Visual Studio Solution File, Format Version 12.00
# Visual Studio Version 17
VisualStudioVersion = 17.2.32516.85
MinimumVisualStudioVersion = 10.0.40219.1
Project("{2150E333-8FDC-42A3-9474-1A3956D46DE8}") = "1. Presentation Layer", "1. Presentation Layer", "{9CD1A097-65E7-4993-8A6B-31BD982088A9}"
EndProject
Project("{2150E333-8FDC-42A3-9474-1A3956D46DE8}") = "2. Business Layer", "2. Business Layer", "{63156AC8-9932-480B-93A4-5315B76A202F}"
EndProject
Project("{2150E333-8FDC-42A3-9474-1A3956D46DE8}") = "3. Data Layer", "3. Data Layer", "{3F3BD6BA-2367-4A0D-A248-81E3B57883E8}"
EndProject
Project("{FAE04EC0-301F-11D3-BF4B-00C04F79EFBC}") = "BusinessObject", "BusinessObject\BusinessObject.csproj", "{FCDBDA91-0906-4FBA-97AE-D12F71A80087}"
EndProject
Project("{FAE04EC0-301F-11D3-BF4B-00C04F79EFBC}") = "DataAccess", "DataAccess\DataAccess.csproj", "{B0D9328A-234D-45DA-BAAC-CFB8A7886671}"
EndProject
Project("{FAE04EC0-301F-11D3-BF4B-00C04F79EFBC}") = "MyStoreWinApp", "MyStoreWinApp\MyStoreWinApp.csproj", "{DA476EE0-08BD-4B49-85A3-95030E09184C}"
EndProject
Global
	GlobalSection(SolutionConfigurationPlatforms) = preSolution
		Debug|Any CPU = Debug|Any CPU
		Release|Any CPU = Release|Any CPU
	EndGlobalSection
	GlobalSection(ProjectConfigurationPlatforms) = postSolution
		{FCDBDA91-0906-4FBA-97AE-D12F71A80087}.Debug|Any CPU.ActiveCfg = Debug|Any CPU
		{FCDBDA91-0906-4FBA-97AE-D12F71A80087}.Debug|Any CPU.Build.0 = Debug|Any CPU
		{FCDBDA91-0906-4FBA-97AE-D12F71A80087}.Release|Any CPU.ActiveCfg = Release|Any CPU
		{FCDBDA91-0906-4FBA-97AE-D12F71A80087}.Release|Any CPU.Build.0 = Release|Any CPU
		{B0D9328A-234D-45DA-BAAC-CFB8A7886671}.Debug|Any CPU.ActiveCfg = Debug|Any CPU
		{B0D9328A-234D-45DA-BAAC-CFB8A7886671}.Debug|Any CPU.Build.0 = Debug|Any CPU
		{B0D9328A-234D-45DA-BAAC-CFB8A7886671}.Release|Any CPU.ActiveCfg = Release|Any CPU
		{B0D9328A-234D-45DA-BAAC-CFB8A7886671}.Release|Any CPU.Build.0 = Release|Any CPU
		{DA476EE0-08BD-4B49-85A3-95030E09184C}.Debug|Any CPU.ActiveCfg = Debug|Any CPU
		{DA476EE0-08BD-4B49-85A3-95030E09184C}.Debug|Any CPU.Build.0 = Debug|Any CPU
		{DA476EE0-08BD-4B49-85A3-95030E09184C}.Release|Any CPU.ActiveCfg = Release|Any CPU
		{DA476EE0-08BD-4B49-85A3-95030E09184C}.Release|Any CPU.Build.0 = Release|Any CPU
	EndGlobalSection
	GlobalSection(SolutionProperties) = preSolution
		HideSolutionNode = FALSE
	EndGlobalSection
	GlobalSection(NestedProjects) = preSolution
		{FCDBDA91-0906-4FBA-97AE-D12F71A80087} = {63156AC8-9932-480B-93A4-5315B76A202F}
		{B0D9328A-234D-45DA-BAAC-CFB8A7886671} = {3F3BD6BA-2367-4A0D-A248-81E3B57883E8}
		{DA476EE0-08BD-4B49-85A3-95030E09184C} = {9CD1A097-65E7-4993-8A6B-31BD982088A9}
	EndGlobalSection
	GlobalSection(ExtensibilityGlobals) = postSolution
		SolutionGuid = {67046317-3F32-4550-97D6-59FD001D72C0}
	EndGlobalSection
EndGlobal
